// !$*UTF8*$!
{
	archiveVersion = 1;
	classes = {
	};
	objectVersion = 46;
	objects = {

/* Begin PBXBuildFile section */
		4039925C1B63E865001AE92B /* main.m in Sources */ = {isa = PBXBuildFile; fileRef = 4039925B1B63E865001AE92B /* main.m */; };
		4039925F1B63E865001AE92B /* AppDelegate.m in Sources */ = {isa = PBXBuildFile; fileRef = 4039925E1B63E865001AE92B /* AppDelegate.m */; };
		403992671B63E865001AE92B /* Assets.xcassets in Resources */ = {isa = PBXBuildFile; fileRef = 403992661B63E865001AE92B /* Assets.xcassets */; };
		404D1C8C1B74BE0B001BBF55 /* main.storyboard in Resources */ = {isa = PBXBuildFile; fileRef = 404D1C8B1B74BE0B001BBF55 /* main.storyboard */; };
		405868941B77519600D73CC7 /* XFCoverTransitionGesture.m in Sources */ = {isa = PBXBuildFile; fileRef = 405868931B77519600D73CC7 /* XFCoverTransitionGesture.m */; };
		40593ADA1B648BED00EF4B33 /* XFCTConfig.m in Sources */ = {isa = PBXBuildFile; fileRef = 40593AD91B648BED00EF4B33 /* XFCTConfig.m */; };
		40933E771B63E97800BAFDE3 /* XFMainViewController.m in Sources */ = {isa = PBXBuildFile; fileRef = 40933E731B63E97800BAFDE3 /* XFMainViewController.m */; };
		40933E781B63E97800BAFDE3 /* XFPageViewController.m in Sources */ = {isa = PBXBuildFile; fileRef = 40933E751B63E97800BAFDE3 /* XFPageViewController.m */; };
		40933E791B63E97800BAFDE3 /* XFPageViewController.xib in Resources */ = {isa = PBXBuildFile; fileRef = 40933E761B63E97800BAFDE3 /* XFPageViewController.xib */; };
		40933E7E1B63EB3600BAFDE3 /* XFCoverTransitionManager.m in Sources */ = {isa = PBXBuildFile; fileRef = 40933E7D1B63EB3600BAFDE3 /* XFCoverTransitionManager.m */; };
		40933E821B63ED3200BAFDE3 /* XFPresentationController.m in Sources */ = {isa = PBXBuildFile; fileRef = 40933E811B63ED3200BAFDE3 /* XFPresentationController.m */; };
		40933E851B63ED8700BAFDE3 /* XFAnimatedTransitioning.m in Sources */ = {isa = PBXBuildFile; fileRef = 40933E841B63ED8700BAFDE3 /* XFAnimatedTransitioning.m */; };
		40933E881B63EF0800BAFDE3 /* UIView+Extention.m in Sources */ = {isa = PBXBuildFile; fileRef = 40933E871B63EF0800BAFDE3 /* UIView+Extention.m */; };
/* End PBXBuildFile section */

/* Begin PBXFileReference section */
		403992571B63E865001AE92B /* XFCoverTransitionExample.app */ = {isa = PBXFileReference; explicitFileType = wrapper.application; includeInIndex = 0; path = XFCoverTransitionExample.app; sourceTree = BUILT_PRODUCTS_DIR; };
		4039925B1B63E865001AE92B /* main.m */ = {isa = PBXFileReference; lastKnownFileType = sourcecode.c.objc; path = main.m; sourceTree = "<group>"; };
		4039925D1B63E865001AE92B /* AppDelegate.h */ = {isa = PBXFileReference; lastKnownFileType = sourcecode.c.h; path = AppDelegate.h; sourceTree = "<group>"; };
		4039925E1B63E865001AE92B /* AppDelegate.m */ = {isa = PBXFileReference; lastKnownFileType = sourcecode.c.objc; path = AppDelegate.m; sourceTree = "<group>"; };
		403992661B63E865001AE92B /* Assets.xcassets */ = {isa = PBXFileReference; lastKnownFileType = folder.assetcatalog; path = Assets.xcassets; sourceTree = "<group>"; };
		4039926B1B63E865001AE92B /* Info.plist */ = {isa = PBXFileReference; lastKnownFileType = text.plist.xml; path = Info.plist; sourceTree = "<group>"; };
		404D1C8B1B74BE0B001BBF55 /* main.storyboard */ = {isa = PBXFileReference; fileEncoding = 4; lastKnownFileType = file.storyboard; path = main.storyboard; sourceTree = "<group>"; };
		405868921B77519600D73CC7 /* XFCoverTransitionGesture.h */ = {isa = PBXFileReference; fileEncoding = 4; lastKnownFileType = sourcecode.c.h; path = XFCoverTransitionGesture.h; sourceTree = "<group>"; };
		405868931B77519600D73CC7 /* XFCoverTransitionGesture.m */ = {isa = PBXFileReference; fileEncoding = 4; lastKnownFileType = sourcecode.c.objc; path = XFCoverTransitionGesture.m; sourceTree = "<group>"; };
		40593AD81B648BED00EF4B33 /* XFCTConfig.h */ = {isa = PBXFileReference; fileEncoding = 4; lastKnownFileType = sourcecode.c.h; path = XFCTConfig.h; sourceTree = "<group>"; };
		40593AD91B648BED00EF4B33 /* XFCTConfig.m */ = {isa = PBXFileReference; fileEncoding = 4; lastKnownFileType = sourcecode.c.objc; path = XFCTConfig.m; sourceTree = "<group>"; };
		40933E721B63E97800BAFDE3 /* XFMainViewController.h */ = {isa = PBXFileReference; fileEncoding = 4; lastKnownFileType = sourcecode.c.h; path = XFMainViewController.h; sourceTree = "<group>"; };
		40933E731B63E97800BAFDE3 /* XFMainViewController.m */ = {isa = PBXFileReference; fileEncoding = 4; lastKnownFileType = sourcecode.c.objc; path = XFMainViewController.m; sourceTree = "<group>"; };
		40933E741B63E97800BAFDE3 /* XFPageViewController.h */ = {isa = PBXFileReference; fileEncoding = 4; lastKnownFileType = sourcecode.c.h; path = XFPageViewController.h; sourceTree = "<group>"; };
		40933E751B63E97800BAFDE3 /* XFPageViewController.m */ = {isa = PBXFileReference; fileEncoding = 4; lastKnownFileType = sourcecode.c.objc; path = XFPageViewController.m; sourceTree = "<group>"; };
		40933E761B63E97800BAFDE3 /* XFPageViewController.xib */ = {isa = PBXFileReference; fileEncoding = 4; lastKnownFileType = file.xib; path = XFPageViewController.xib; sourceTree = "<group>"; };
		40933E7B1B63EA3800BAFDE3 /* XFCoverTransition.h */ = {isa = PBXFileReference; fileEncoding = 4; lastKnownFileType = sourcecode.c.h; path = XFCoverTransition.h; sourceTree = "<group>"; };
		40933E7C1B63EB3600BAFDE3 /* XFCoverTransitionManager.h */ = {isa = PBXFileReference; fileEncoding = 4; lastKnownFileType = sourcecode.c.h; path = XFCoverTransitionManager.h; sourceTree = "<group>"; };
		40933E7D1B63EB3600BAFDE3 /* XFCoverTransitionManager.m */ = {isa = PBXFileReference; fileEncoding = 4; lastKnownFileType = sourcecode.c.objc; path = XFCoverTransitionManager.m; sourceTree = "<group>"; };
		40933E7F1B63EC3300BAFDE3 /* Singleton.h */ = {isa = PBXFileReference; lastKnownFileType = sourcecode.c.h; path = Singleton.h; sourceTree = "<group>"; };
		40933E801B63ED3200BAFDE3 /* XFPresentationController.h */ = {isa = PBXFileReference; fileEncoding = 4; lastKnownFileType = sourcecode.c.h; path = XFPresentationController.h; sourceTree = "<group>"; };
		40933E811B63ED3200BAFDE3 /* XFPresentationController.m */ = {isa = PBXFileReference; fileEncoding = 4; lastKnownFileType = sourcecode.c.objc; path = XFPresentationController.m; sourceTree = "<group>"; };
		40933E831B63ED8700BAFDE3 /* XFAnimatedTransitioning.h */ = {isa = PBXFileReference; fileEncoding = 4; lastKnownFileType = sourcecode.c.h; path = XFAnimatedTransitioning.h; sourceTree = "<group>"; };
		40933E841B63ED8700BAFDE3 /* XFAnimatedTransitioning.m */ = {isa = PBXFileReference; fileEncoding = 4; lastKnownFileType = sourcecode.c.objc; path = XFAnimatedTransitioning.m; sourceTree = "<group>"; };
		40933E861B63EF0800BAFDE3 /* UIView+Extention.h */ = {isa = PBXFileReference; fileEncoding = 4; lastKnownFileType = sourcecode.c.h; path = "UIView+Extention.h"; sourceTree = "<group>"; };
		40933E871B63EF0800BAFDE3 /* UIView+Extention.m */ = {isa = PBXFileReference; fileEncoding = 4; lastKnownFileType = sourcecode.c.objc; path = "UIView+Extention.m"; sourceTree = "<group>"; };
/* End PBXFileReference section */

/* Begin PBXFrameworksBuildPhase section */
		403992541B63E865001AE92B /* Frameworks */ = {
			isa = PBXFrameworksBuildPhase;
			buildActionMask = 2147483647;
			files = (
			);
			runOnlyForDeploymentPostprocessing = 0;
		};
/* End PBXFrameworksBuildPhase section */

/* Begin PBXGroup section */
		4039924E1B63E864001AE92B = {
			isa = PBXGroup;
			children = (
				40933E7A1B63EA3800BAFDE3 /* XFCoverTransition */,
				403992591B63E865001AE92B /* XFCoverTransitionExample */,
				403992581B63E865001AE92B /* Products */,
			);
			sourceTree = "<group>";
		};
		403992581B63E865001AE92B /* Products */ = {
			isa = PBXGroup;
			children = (
				403992571B63E865001AE92B /* XFCoverTransitionExample.app */,
			);
			name = Products;
			sourceTree = "<group>";
		};
		403992591B63E865001AE92B /* XFCoverTransitionExample */ = {
			isa = PBXGroup;
			children = (
				4039925D1B63E865001AE92B /* AppDelegate.h */,
				4039925E1B63E865001AE92B /* AppDelegate.m */,
				40933E721B63E97800BAFDE3 /* XFMainViewController.h */,
				40933E731B63E97800BAFDE3 /* XFMainViewController.m */,
				40933E741B63E97800BAFDE3 /* XFPageViewController.h */,
				40933E751B63E97800BAFDE3 /* XFPageViewController.m */,
				40933E761B63E97800BAFDE3 /* XFPageViewController.xib */,
				4039925A1B63E865001AE92B /* Supporting Files */,
				404D1C8B1B74BE0B001BBF55 /* main.storyboard */,
			);
			path = XFCoverTransitionExample;
			sourceTree = "<group>";
		};
		4039925A1B63E865001AE92B /* Supporting Files */ = {
			isa = PBXGroup;
			children = (
				403992661B63E865001AE92B /* Assets.xcassets */,
				4039926B1B63E865001AE92B /* Info.plist */,
				4039925B1B63E865001AE92B /* main.m */,
			);
			name = "Supporting Files";
			sourceTree = "<group>";
		};
		40933E7A1B63EA3800BAFDE3 /* XFCoverTransition */ = {
			isa = PBXGroup;
			children = (
				40933E7F1B63EC3300BAFDE3 /* Singleton.h */,
				40933E861B63EF0800BAFDE3 /* UIView+Extention.h */,
				40933E871B63EF0800BAFDE3 /* UIView+Extention.m */,
				40933E7B1B63EA3800BAFDE3 /* XFCoverTransition.h */,
				40593AD81B648BED00EF4B33 /* XFCTConfig.h */,
				40593AD91B648BED00EF4B33 /* XFCTConfig.m */,
				405868921B77519600D73CC7 /* XFCoverTransitionGesture.h */,
				405868931B77519600D73CC7 /* XFCoverTransitionGesture.m */,
				40933E7C1B63EB3600BAFDE3 /* XFCoverTransitionManager.h */,
				40933E7D1B63EB3600BAFDE3 /* XFCoverTransitionManager.m */,
				40933E801B63ED3200BAFDE3 /* XFPresentationController.h */,
				40933E811B63ED3200BAFDE3 /* XFPresentationController.m */,
				40933E831B63ED8700BAFDE3 /* XFAnimatedTransitioning.h */,
				40933E841B63ED8700BAFDE3 /* XFAnimatedTransitioning.m */,
			);
			name = XFCoverTransition;
			path = ../XFCoverTransition;
			sourceTree = "<group>";
		};
/* End PBXGroup section */

/* Begin PBXNativeTarget section */
		403992561B63E865001AE92B /* XFCoverTransitionExample */ = {
			isa = PBXNativeTarget;
			buildConfigurationList = 4039926E1B63E865001AE92B /* Build configuration list for PBXNativeTarget "XFCoverTransitionExample" */;
			buildPhases = (
				403992531B63E865001AE92B /* Sources */,
				403992541B63E865001AE92B /* Frameworks */,
				403992551B63E865001AE92B /* Resources */,
			);
			buildRules = (
			);
			dependencies = (
			);
			name = XFCoverTransitionExample;
			productName = XFCoverTransitionExample;
			productReference = 403992571B63E865001AE92B /* XFCoverTransitionExample.app */;
			productType = "com.apple.product-type.application";
		};
/* End PBXNativeTarget section */

/* Begin PBXProject section */
		4039924F1B63E864001AE92B /* Project object */ = {
			isa = PBXProject;
			attributes = {
				LastUpgradeCheck = 0700;
				ORGANIZATIONNAME = yizzuide;
				TargetAttributes = {
					403992561B63E865001AE92B = {
						CreatedOnToolsVersion = 7.0;
						DevelopmentTeam = KP5VDT362C;
					};
				};
			};
			buildConfigurationList = 403992521B63E864001AE92B /* Build configuration list for PBXProject "XFCoverTransitionExample" */;
			compatibilityVersion = "Xcode 3.2";
			developmentRegion = English;
			hasScannedForEncodings = 0;
			knownRegions = (
				en,
				Base,
			);
			mainGroup = 4039924E1B63E864001AE92B;
			productRefGroup = 403992581B63E865001AE92B /* Products */;
			projectDirPath = "";
			projectRoot = "";
			targets = (
				403992561B63E865001AE92B /* XFCoverTransitionExample */,
			);
		};
/* End PBXProject section */

/* Begin PBXResourcesBuildPhase section */
		403992551B63E865001AE92B /* Resources */ = {
			isa = PBXResourcesBuildPhase;
			buildActionMask = 2147483647;
			files = (
				403992671B63E865001AE92B /* Assets.xcassets in Resources */,
				40933E791B63E97800BAFDE3 /* XFPageViewController.xib in Resources */,
				404D1C8C1B74BE0B001BBF55 /* main.storyboard in Resources */,
			);
			runOnlyForDeploymentPostprocessing = 0;
		};
/* End PBXResourcesBuildPhase section */

/* Begin PBXSourcesBuildPhase section */
		403992531B63E865001AE92B /* Sources */ = {
			isa = PBXSourcesBuildPhase;
			buildActionMask = 2147483647;
			files = (
				4039925F1B63E865001AE92B /* AppDelegate.m in Sources */,
				40933E821B63ED3200BAFDE3 /* XFPresentationController.m in Sources */,
				40933E851B63ED8700BAFDE3 /* XFAnimatedTransitioning.m in Sources */,
				40933E771B63E97800BAFDE3 /* XFMainViewController.m in Sources */,
				405868941B77519600D73CC7 /* XFCoverTransitionGesture.m in Sources */,
				4039925C1B63E865001AE92B /* main.m in Sources */,
				40933E781B63E97800BAFDE3 /* XFPageViewController.m in Sources */,
				40933E7E1B63EB3600BAFDE3 /* XFCoverTransitionManager.m in Sources */,
				40593ADA1B648BED00EF4B33 /* XFCTConfig.m in Sources */,
				40933E881B63EF0800BAFDE3 /* UIView+Extention.m in Sources */,
			);
			runOnlyForDeploymentPostprocessing = 0;
		};
/* End PBXSourcesBuildPhase section */

/* Begin XCBuildConfiguration section */
		4039926C1B63E865001AE92B /* Debug */ = {
			isa = XCBuildConfiguration;
			buildSettings = {
				ALWAYS_SEARCH_USER_PATHS = NO;
				CLANG_CXX_LANGUAGE_STANDARD = "gnu++0x";
				CLANG_CXX_LIBRARY = "libc++";
				CLANG_ENABLE_MODULES = YES;
				CLANG_ENABLE_OBJC_ARC = YES;
				CLANG_WARN_BOOL_CONVERSION = YES;
				CLANG_WARN_CONSTANT_CONVERSION = YES;
				CLANG_WARN_DIRECT_OBJC_ISA_USAGE = YES_ERROR;
				CLANG_WARN_EMPTY_BODY = YES;
				CLANG_WARN_ENUM_CONVERSION = YES;
				CLANG_WARN_INT_CONVERSION = YES;
				CLANG_WARN_OBJC_ROOT_CLASS = YES_ERROR;
				CLANG_WARN_UNREACHABLE_CODE = YES;
				CLANG_WARN__DUPLICATE_METHOD_MATCH = YES;
				"CODE_SIGN_IDENTITY[sdk=iphoneos*]" = "iPhone Developer";
				COPY_PHASE_STRIP = NO;
				DEBUG_INFORMATION_FORMAT = dwarf;
				ENABLE_STRICT_OBJC_MSGSEND = YES;
				ENABLE_TESTABILITY = YES;
				GCC_C_LANGUAGE_STANDARD = gnu99;
				GCC_DYNAMIC_NO_PIC = NO;
				GCC_NO_COMMON_BLOCKS = YES;
				GCC_OPTIMIZATION_LEVEL = 0;
				GCC_PREPROCESSOR_DEFINITIONS = (
					"DEBUG=1",
					"$(inherited)",
				);
				GCC_WARN_64_TO_32_BIT_CONVERSION = YES;
				GCC_WARN_ABOUT_RETURN_TYPE = YES_ERROR;
				GCC_WARN_UNDECLARED_SELECTOR = YES;
				GCC_WARN_UNINITIALIZED_AUTOS = YES_AGGRESSIVE;
				GCC_WARN_UNUSED_FUNCTION = YES;
				GCC_WARN_UNUSED_VARIABLE = YES;
				IPHONEOS_DEPLOYMENT_TARGET = 9.0;
				MTL_ENABLE_DEBUG_INFO = YES;
				ONLY_ACTIVE_ARCH = YES;
				SDKROOT = iphoneos;
				TARGETED_DEVICE_FAMILY = "1,2";
			};
			name = Debug;
		};
		4039926D1B63E865001AE92B /* Release */ = {
			isa = XCBuildConfiguration;
			buildSettings = {
				ALWAYS_SEARCH_USER_PATHS = NO;
				CLANG_CXX_LANGUAGE_STANDARD = "gnu++0x";
				CLANG_CXX_LIBRARY = "libc++";
				CLANG_ENABLE_MODULES = YES;
				CLANG_ENABLE_OBJC_ARC = YES;
				CLANG_WARN_BOOL_CONVERSION = YES;
				CLANG_WARN_CONSTANT_CONVERSION = YES;
				CLANG_WARN_DIRECT_OBJC_ISA_USAGE = YES_ERROR;
				CLANG_WARN_EMPTY_BODY = YES;
				CLANG_WARN_ENUM_CONVERSION = YES;
				CLANG_WARN_INT_CONVERSION = YES;
				CLANG_WARN_OBJC_ROOT_CLASS = YES_ERROR;
				CLANG_WARN_UNREACHABLE_CODE = YES;
				CLANG_WARN__DUPLICATE_METHOD_MATCH = YES;
				"CODE_SIGN_IDENTITY[sdk=iphoneos*]" = "iPhone Developer";
				COPY_PHASE_STRIP = NO;
				DEBUG_INFORMATION_FORMAT = "dwarf-with-dsym";
				ENABLE_NS_ASSERTIONS = NO;
				ENABLE_STRICT_OBJC_MSGSEND = YES;
				GCC_C_LANGUAGE_STANDARD = gnu99;
				GCC_NO_COMMON_BLOCKS = YES;
				GCC_WARN_64_TO_32_BIT_CONVERSION = YES;
				GCC_WARN_ABOUT_RETURN_TYPE = YES_ERROR;
				GCC_WARN_UNDECLARED_SELECTOR = YES;
				GCC_WARN_UNINITIALIZED_AUTOS = YES_AGGRESSIVE;
				GCC_WARN_UNUSED_FUNCTION = YES;
				GCC_WARN_UNUSED_VARIABLE = YES;
				IPHONEOS_DEPLOYMENT_TARGET = 9.0;
				MTL_ENABLE_DEBUG_INFO = NO;
				SDKROOT = iphoneos;
				TARGETED_DEVICE_FAMILY = "1,2";
				VALIDATE_PRODUCT = YES;
			};
			name = Release;
		};
		4039926F1B63E865001AE92B /* Debug */ = {
			isa = XCBuildConfiguration;
			buildSettings = {
				ASSETCATALOG_COMPILER_APPICON_NAME = AppIcon;
				ASSETCATALOG_COMPILER_LAUNCHIMAGE_NAME = LaunchImage;
				CODE_SIGN_IDENTITY = "iPhone Developer";
				"CODE_SIGN_IDENTITY[sdk=iphoneos*]" = "iPhone Developer";
				INFOPLIST_FILE = XFCoverTransitionExample/Info.plist;
				IPHONEOS_DEPLOYMENT_TARGET = 8.0;
				LD_RUNPATH_SEARCH_PATHS = "$(inherited) @executable_path/Frameworks";
				PRODUCT_BUNDLE_IDENTIFIER = com.yizzuide.XFCoverTransitionExample;
				PRODUCT_NAME = "$(TARGET_NAME)";
				PROVISIONING_PROFILE = "";
			};
			name = Debug;
		};
		403992701B63E865001AE92B /* Release */ = {
			isa = XCBuildConfiguration;
			buildSettings = {
				ASSETCATALOG_COMPILER_APPICON_NAME = AppIcon;
				ASSETCATALOG_COMPILER_LAUNCHIMAGE_NAME = LaunchImage;
				CODE_SIGN_IDENTITY = "iPhone Developer";
				"CODE_SIGN_IDENTITY[sdk=iphoneos*]" = "iPhone Developer";
				INFOPLIST_FILE = XFCoverTransitionExample/Info.plist;
				IPHONEOS_DEPLOYMENT_TARGET = 8.0;
				LD_RUNPATH_SEARCH_PATHS = "$(inherited) @executable_path/Frameworks";
				PRODUCT_BUNDLE_IDENTIFIER = com.yizzuide.XFCoverTransitionExample;
				PRODUCT_NAME = "$(TARGET_NAME)";
				PROVISIONING_PROFILE = "";
			};
			name = Release;
		};
/* End XCBuildConfiguration section */

/* Begin XCConfigurationList section */
		403992521B63E864001AE92B /* Build configuration list for PBXProject "XFCoverTransitionExample" */ = {
			isa = XCConfigurationList;
			buildConfigurations = (
				4039926C1B63E865001AE92B /* Debug */,
				4039926D1B63E865001AE92B /* Release */,
			);
			defaultConfigurationIsVisible = 0;
			defaultConfigurationName = Release;
		};
		4039926E1B63E865001AE92B /* Build configuration list for PBXNativeTarget "XFCoverTransitionExample" */ = {
			isa = XCConfigurationList;
			buildConfigurations = (
				4039926F1B63E865001AE92B /* Debug */,
				403992701B63E865001AE92B /* Release */,
			);
			defaultConfigurationIsVisible = 0;
			defaultConfigurationName = Release;
		};
/* End XCConfigurationList section */
	};
	rootObject = 4039924F1B63E864001AE92B /* Project object */;
}
